
Microsoft Visual Studio Solution File, Format Version 12.00
# Visual Studio Version 17
VisualStudioVersion = 17.8.34511.84
MinimumVisualStudioVersion = 10.0.40219.1
Project("{9A19103F-16F7-4668-BE54-9A1E7A4F7556}") = "Caro-game", "Caro-game.csproj", "{A28F9779-FDA6-48D4-8587-FDC0A0606F43}"
EndProject
Global
	GlobalSection(SolutionConfigurationPlatforms) = preSolution
		Debug|Any CPU = Debug|Any CPU
		Release|Any CPU = Release|Any CPU
	EndGlobalSection
	GlobalSection(ProjectConfigurationPlatforms) = postSolution
		{A28F9779-FDA6-48D4-8587-FDC0A0606F43}.Debug|Any CPU.ActiveCfg = Debug|Any CPU
		{A28F9779-FDA6-48D4-8587-FDC0A0606F43}.Debug|Any CPU.Build.0 = Debug|Any CPU
		{A28F9779-FDA6-48D4-8587-FDC0A0606F43}.Release|Any CPU.ActiveCfg = Release|Any CPU
		{A28F9779-FDA6-48D4-8587-FDC0A0606F43}.Release|Any CPU.Build.0 = Release|Any CPU
	EndGlobalSection
	GlobalSection(SolutionProperties) = preSolution
		HideSolutionNode = FALSE
	EndGlobalSection
	GlobalSection(ExtensibilityGlobals) = postSolution
		SolutionGuid = {E59A7FF2-B48D-402B-BC00-1882EF0F7C63}
	EndGlobalSection
EndGlobal
